
Microsoft Visual Studio Solution File, Format Version 12.00
# Visual Studio Version 17
VisualStudioVersion = 17.14.36301.6 d17.14
MinimumVisualStudioVersion = 10.0.40219.1
Project("{FAE04EC0-301F-11D3-BF4B-00C04F79EFBC}") = "Recursividad", "Recursividad.csproj", "{648D078C-9F29-423C-84D1-E5063CF70FD6}"
EndProject
Global
	GlobalSection(SolutionConfigurationPlatforms) = preSolution
		Debug|Any CPU = Debug|Any CPU
		Release|Any CPU = Release|Any CPU
	EndGlobalSection
	GlobalSection(ProjectConfigurationPlatforms) = postSolution
		{648D078C-9F29-423C-84D1-E5063CF70FD6}.Debug|Any CPU.ActiveCfg = Debug|Any CPU
		{648D078C-9F29-423C-84D1-E5063CF70FD6}.Debug|Any CPU.Build.0 = Debug|Any CPU
		{648D078C-9F29-423C-84D1-E5063CF70FD6}.Release|Any CPU.ActiveCfg = Release|Any CPU
		{648D078C-9F29-423C-84D1-E5063CF70FD6}.Release|Any CPU.Build.0 = Release|Any CPU
	EndGlobalSection
	GlobalSection(SolutionProperties) = preSolution
		HideSolutionNode = FALSE
	EndGlobalSection
	GlobalSection(ExtensibilityGlobals) = postSolution
		SolutionGuid = {C59A9E0C-C63E-4FD1-8115-54C4E7D5089B}
	EndGlobalSection
EndGlobal
